
Microsoft Visual Studio Solution File, Format Version 12.00
# Visual Studio Version 16
VisualStudioVersion = 16.0.29920.165
MinimumVisualStudioVersion = 10.0.40219.1
Project("{FAE04EC0-301F-11D3-BF4B-00C04F79EFBC}") = "minunAuto", "minunAuto\minunAuto.csproj", "{FD9E4C85-C9E8-458C-BD15-9616D021EA07}"
EndProject
Global
	GlobalSection(SolutionConfigurationPlatforms) = preSolution
		Debug|Any CPU = Debug|Any CPU
		Release|Any CPU = Release|Any CPU
	EndGlobalSection
	GlobalSection(ProjectConfigurationPlatforms) = postSolution
		{FD9E4C85-C9E8-458C-BD15-9616D021EA07}.Debug|Any CPU.ActiveCfg = Debug|Any CPU
		{FD9E4C85-C9E8-458C-BD15-9616D021EA07}.Debug|Any CPU.Build.0 = Debug|Any CPU
		{FD9E4C85-C9E8-458C-BD15-9616D021EA07}.Release|Any CPU.ActiveCfg = Release|Any CPU
		{FD9E4C85-C9E8-458C-BD15-9616D021EA07}.Release|Any CPU.Build.0 = Release|Any CPU
	EndGlobalSection
	GlobalSection(SolutionProperties) = preSolution
		HideSolutionNode = FALSE
	EndGlobalSection
	GlobalSection(ExtensibilityGlobals) = postSolution
		SolutionGuid = {5E56561E-7282-400F-AD26-A58415A978CD}
	EndGlobalSection
EndGlobal
