
Microsoft Visual Studio Solution File, Format Version 12.00
# Visual Studio Version 16
VisualStudioVersion = 16.0.29920.165
MinimumVisualStudioVersion = 10.0.40219.1
Project("{FAE04EC0-301F-11D3-BF4B-00C04F79EFBC}") = "Ajoneuvo", "Ajoneuvo\Ajoneuvo.csproj", "{B188762A-5650-43FF-9ECC-83421866D7F9}"
EndProject
Global
	GlobalSection(SolutionConfigurationPlatforms) = preSolution
		Debug|Any CPU = Debug|Any CPU
		Release|Any CPU = Release|Any CPU
	EndGlobalSection
	GlobalSection(ProjectConfigurationPlatforms) = postSolution
		{B188762A-5650-43FF-9ECC-83421866D7F9}.Debug|Any CPU.ActiveCfg = Debug|Any CPU
		{B188762A-5650-43FF-9ECC-83421866D7F9}.Debug|Any CPU.Build.0 = Debug|Any CPU
		{B188762A-5650-43FF-9ECC-83421866D7F9}.Release|Any CPU.ActiveCfg = Release|Any CPU
		{B188762A-5650-43FF-9ECC-83421866D7F9}.Release|Any CPU.Build.0 = Release|Any CPU
	EndGlobalSection
	GlobalSection(SolutionProperties) = preSolution
		HideSolutionNode = FALSE
	EndGlobalSection
	GlobalSection(ExtensibilityGlobals) = postSolution
		SolutionGuid = {8A45F389-61A0-41C3-BF5E-8D65693524E8}
	EndGlobalSection
EndGlobal
